
Microsoft Visual Studio Solution File, Format Version 12.00
# Visual Studio Version 17
VisualStudioVersion = 17.8.34309.116
MinimumVisualStudioVersion = 10.0.40219.1
Project("{FAE04EC0-301F-11D3-BF4B-00C04F79EFBC}") = "server", "server\server.csproj", "{808CB102-99FC-41BF-90A2-79CB659D5E2E}"
EndProject
Global
	GlobalSection(SolutionConfigurationPlatforms) = preSolution
		Debug|Any CPU = Debug|Any CPU
		Release|Any CPU = Release|Any CPU
	EndGlobalSection
	GlobalSection(ProjectConfigurationPlatforms) = postSolution
		{808CB102-99FC-41BF-90A2-79CB659D5E2E}.Debug|Any CPU.ActiveCfg = Debug|Any CPU
		{808CB102-99FC-41BF-90A2-79CB659D5E2E}.Debug|Any CPU.Build.0 = Debug|Any CPU
		{808CB102-99FC-41BF-90A2-79CB659D5E2E}.Release|Any CPU.ActiveCfg = Release|Any CPU
		{808CB102-99FC-41BF-90A2-79CB659D5E2E}.Release|Any CPU.Build.0 = Release|Any CPU
	EndGlobalSection
	GlobalSection(SolutionProperties) = preSolution
		HideSolutionNode = FALSE
	EndGlobalSection
	GlobalSection(ExtensibilityGlobals) = postSolution
		SolutionGuid = {B8F21EB0-8C5B-45AA-8DBA-6B1260A06272}
	EndGlobalSection
EndGlobal
